{
  "requires": true,
  "lockfileVersion": 1,
  "dependencies": {
    "app-root-path": {
      "version": "1.4.0",
      "resolved": "https://registry.npmjs.org/app-root-path/-/app-root-path-1.4.0.tgz",
      "integrity": "sha1-YzXYZclkDQ+tmQBOWnkjIjjpLfo="
    },
    "clap-detector": {
      "version": "0.4.1",
      "resolved": "https://registry.npmjs.org/clap-detector/-/clap-detector-0.4.1.tgz",
      "integrity": "sha1-lb1NJ725Ua/LsggHVj7VeWAvCyY=",
      "requires": {
        "app-root-path": "^1.0.0",
        "lodash": "^3.10.1",
        "q": "^1.4.1"
      }
    },
    "faye-websocket": {
      "version": "0.10.0",
      "resolved": "https://registry.npmjs.org/faye-websocket/-/faye-websocket-0.10.0.tgz",
      "integrity": "sha1-TkkvjQTftviQA1B/btvy1QHnxvQ=",
      "requires": {
        "websocket-driver": ">=0.5.1"
      }
    },
    "komponist": {
      "version": "0.1.0",
      "resolved": "https://registry.npmjs.org/komponist/-/komponist-0.1.0.tgz",
      "integrity": "sha1-quuIPrsEdn5R9EuRggL1s9NHQig=",
      "requires": {
        "shoe": "0.0.4"
      }
    },
    "lodash": {
      "version": "3.10.1",
      "resolved": "http://registry.npmjs.org/lodash/-/lodash-3.10.1.tgz",
      "integrity": "sha1-W/Rejkm6QYnhfUgnid/RW9FAt7Y="
    },
    "q": {
      "version": "1.5.1",
      "resolved": "https://registry.npmjs.org/q/-/q-1.5.1.tgz",
      "integrity": "sha1-fjL3W0E4EpHQRhHxvxQQmsAGUdc="
    },
    "shoe": {
      "version": "0.0.4",
      "resolved": "https://registry.npmjs.org/shoe/-/shoe-0.0.4.tgz",
      "integrity": "sha1-8EF8rhnI0UrtD+yIl1Swbozv+C4=",
      "requires": {
        "sockjs": "~0.3.1",
        "sockjs-client": "git://github.com/substack/sockjs-client.git#40d48d06b4dba884416bf88a051f76ca3c8ffcae"
      }
    },
    "sockjs": {
      "version": "0.3.18",
      "resolved": "https://registry.npmjs.org/sockjs/-/sockjs-0.3.18.tgz",
      "integrity": "sha1-2bKJMWyn33dZXvKZ4HXw+TfrQgc=",
      "requires": {
        "faye-websocket": "^0.10.0",
        "uuid": "^2.0.2"
      }
    },
    "sockjs-client": {
      "version": "git://github.com/substack/sockjs-client.git#40d48d06b4dba884416bf88a051f76ca3c8ffcae",
      "from": "git://github.com/substack/sockjs-client.git#browserify-npm"
    },
    "uuid": {
      "version": "2.0.3",
      "resolved": "https://registry.npmjs.org/uuid/-/uuid-2.0.3.tgz",
      "integrity": "sha1-Z+LoY3lyFVMN/zGOW/nc6/1Hsho="
    },
    "websocket-driver": {
      "version": "0.6.5",
      "resolved": "https://registry.npmjs.org/websocket-driver/-/websocket-driver-0.6.5.tgz",
      "integrity": "sha1-XLJVbOuF9Dc8bYI4qmkchFThOjY=",
      "requires": {
        "websocket-extensions": ">=0.1.1"
      }
    },
    "websocket-extensions": {
      "version": "0.1.1",
      "resolved": "https://registry.npmjs.org/websocket-extensions/-/websocket-extensions-0.1.1.tgz",
      "integrity": "sha1-domUmcGEtu91Q3fC27DNbLVdKec="
    }
  }
}
