{
  "requires": true,
  "lockfileVersion": 1,
  "dependencies": {
    "app-root-path": {
      "version": "2.1.0",
      "resolved": "https://registry.npmjs.org/app-root-path/-/app-root-path-2.1.0.tgz",
      "integrity": "sha1-mL9lmTJ+zqGZMJhm6BQDaP0uZGo="
    },
    "clap-detector": {
      "version": "0.5.0",
      "resolved": "https://registry.npmjs.org/clap-detector/-/clap-detector-0.5.0.tgz",
      "integrity": "sha512-ueu3GFuf8/sMa4JQ3q+ViFHlqTt8R4lPvM0SE0EZZrlvzyx4Xk5qNF1KXU2sxg4+kBJ0gttUeFCEb9NU39EGSw==",
      "requires": {
        "app-root-path": "2.1.0",
        "lodash": "4.17.11"
      }
    },
    "faye-websocket": {
      "version": "0.10.0",
      "resolved": "https://registry.npmjs.org/faye-websocket/-/faye-websocket-0.10.0.tgz",
      "integrity": "sha1-TkkvjQTftviQA1B/btvy1QHnxvQ=",
      "requires": {
        "websocket-driver": ">=0.5.1"
      }
    },
    "komponist": {
      "version": "0.1.0",
      "resolved": "https://registry.npmjs.org/komponist/-/komponist-0.1.0.tgz",
      "integrity": "sha1-quuIPrsEdn5R9EuRggL1s9NHQig=",
      "requires": {
        "shoe": "0.0.4"
      }
    },
    "lodash": {
      "version": "4.17.11",
      "resolved": "https://registry.npmjs.org/lodash/-/lodash-4.17.11.tgz",
      "integrity": "sha512-cQKh8igo5QUhZ7lg38DYWAxMvjSAKG0A8wGSVimP07SIUEK2UO+arSRKbRZWtelMtN5V0Hkwh5ryOto/SshYIg=="
    },
    "shoe": {
      "version": "0.0.4",
      "resolved": "https://registry.npmjs.org/shoe/-/shoe-0.0.4.tgz",
      "integrity": "sha1-8EF8rhnI0UrtD+yIl1Swbozv+C4=",
      "requires": {
        "sockjs": "~0.3.1",
        "sockjs-client": "git://github.com/substack/sockjs-client.git#40d48d06b4dba884416bf88a051f76ca3c8ffcae"
      }
    },
    "sockjs": {
      "version": "0.3.18",
      "resolved": "https://registry.npmjs.org/sockjs/-/sockjs-0.3.18.tgz",
      "integrity": "sha1-2bKJMWyn33dZXvKZ4HXw+TfrQgc=",
      "requires": {
        "faye-websocket": "^0.10.0",
        "uuid": "^2.0.2"
      }
    },
    "sockjs-client": {
      "version": "git://github.com/substack/sockjs-client.git#40d48d06b4dba884416bf88a051f76ca3c8ffcae",
      "from": "git://github.com/substack/sockjs-client.git#browserify-npm"
    },
    "uuid": {
      "version": "2.0.3",
      "resolved": "https://registry.npmjs.org/uuid/-/uuid-2.0.3.tgz",
      "integrity": "sha1-Z+LoY3lyFVMN/zGOW/nc6/1Hsho="
    },
    "websocket-driver": {
      "version": "0.6.5",
      "resolved": "https://registry.npmjs.org/websocket-driver/-/websocket-driver-0.6.5.tgz",
      "integrity": "sha1-XLJVbOuF9Dc8bYI4qmkchFThOjY=",
      "requires": {
        "websocket-extensions": ">=0.1.1"
      }
    },
    "websocket-extensions": {
      "version": "0.1.1",
      "resolved": "https://registry.npmjs.org/websocket-extensions/-/websocket-extensions-0.1.1.tgz",
      "integrity": "sha1-domUmcGEtu91Q3fC27DNbLVdKec="
    }
  }
}
